# This is a Gradle generated file for dependency locking.
# Manual edits can break the build and are not advised.
# This file is expected to be part of source control.
at.favre.lib:bcrypt:0.10.2=compileClasspath,e2eTestCompileClasspath,e2eTestRuntimeClasspath,runtimeClasspath,testCompileClasspath,testRuntimeClasspath
at.favre.lib:bytes:1.5.0=compileClasspath,e2eTestCompileClasspath,e2eTestRuntimeClasspath,runtimeClasspath,testCompileClasspath,testRuntimeClasspath
ch.qos.logback:logback-classic:1.3.14=ktlint
ch.qos.logback:logback-classic:1.5.32=compileClasspath,e2eTestCompileClasspath,e2eTestRuntimeClasspath,runtimeClasspath,testCompileClasspath,testRuntimeClasspath
ch.qos.logback:logback-core:1.3.14=ktlint
ch.qos.logback:logback-core:1.5.32=compileClasspath,e2eTestCompileClasspath,e2eTestRuntimeClasspath,runtimeClasspath,testCompileClasspath,testRuntimeClasspath
com.auth0:java-jwt:4.5.2=compileClasspath,e2eTestCompileClasspath,e2eTestRuntimeClasspath,runtimeClasspath,testCompileClasspath,testRuntimeClasspath
com.fasterxml.jackson.core:jackson-annotations:2.21=compileClasspath,e2eTestCompileClasspath,e2eTestRuntimeClasspath,runtimeClasspath,testCompileClasspath,testRuntimeClasspath
com.fasterxml.jackson.core:jackson-core:2.18.3=compileClasspath,e2eTestCompileClasspath,testCompileClasspath
com.fasterxml.jackson.core:jackson-core:2.21.3=e2eTestRuntimeClasspath,runtimeClasspath,testRuntimeClasspath
com.fasterxml.jackson.core:jackson-databind:2.18.3=compileClasspath,e2eTestCompileClasspath,testCompileClasspath
com.fasterxml.jackson.core:jackson-databind:2.21.3=e2eTestRuntimeClasspath,runtimeClasspath,testRuntimeClasspath
com.fasterxml.jackson.dataformat:jackson-dataformat-cbor:2.21.3=e2eTestRuntimeClasspath,runtimeClasspath,testRuntimeClasspath
com.fasterxml.jackson.datatype:jackson-datatype-jdk8:2.21.3=e2eTestRuntimeClasspath,runtimeClasspath,testRuntimeClasspath
com.fasterxml.jackson.datatype:jackson-datatype-jsr310:2.21.3=e2eTestRuntimeClasspath,runtimeClasspath,testRuntimeClasspath
com.fasterxml.jackson:jackson-bom:2.18.3=compileClasspath,e2eTestCompileClasspath,testCompileClasspath
com.fasterxml.jackson:jackson-bom:2.21.3=e2eTestRuntimeClasspath,runtimeClasspath,testRuntimeClasspath
com.github.ajalt.clikt:clikt-jvm:4.4.0=ktlint
com.github.ajalt.clikt:clikt:4.4.0=ktlint
com.github.docker-java:docker-java-api:3.4.2=e2eTestCompileClasspath,e2eTestRuntimeClasspath,testCompileClasspath,testRuntimeClasspath
com.github.docker-java:docker-java-transport-zerodep:3.4.2=e2eTestCompileClasspath,e2eTestRuntimeClasspath,testCompileClasspath,testRuntimeClasspath
com.github.docker-java:docker-java-transport:3.4.2=e2eTestCompileClasspath,e2eTestRuntimeClasspath,testCompileClasspath,testRuntimeClasspath
com.github.peteroupc:datautilities:1.1.0=e2eTestRuntimeClasspath,runtimeClasspath,testRuntimeClasspath
com.github.peteroupc:numbers:1.8.2=e2eTestRuntimeClasspath,runtimeClasspath,testRuntimeClasspath
com.google.code.findbugs:jsr305:3.0.2=e2eTestRuntimeClasspath,runtimeClasspath,testRuntimeClasspath
com.google.code.gson:gson:2.10.1=e2eTestCompileClasspath,e2eTestRuntimeClasspath
com.google.errorprone:error_prone_annotations:2.21.1=e2eTestRuntimeClasspath,runtimeClasspath,testRuntimeClasspath
com.google.guava:failureaccess:1.0.1=e2eTestRuntimeClasspath,runtimeClasspath,testRuntimeClasspath
com.google.guava:guava:32.1.3-jre=e2eTestRuntimeClasspath,runtimeClasspath,testRuntimeClasspath
com.google.guava:listenablefuture:9999.0-empty-to-avoid-conflict-with-guava=e2eTestRuntimeClasspath,runtimeClasspath,testRuntimeClasspath
com.microsoft.playwright:driver-bundle:1.44.0=e2eTestCompileClasspath,e2eTestRuntimeClasspath
com.microsoft.playwright:driver:1.44.0=e2eTestCompileClasspath,e2eTestRuntimeClasspath
com.microsoft.playwright:playwright:1.44.0=e2eTestCompileClasspath,e2eTestRuntimeClasspath
com.pinterest.ktlint:ktlint-cli-reporter-baseline:1.3.1=ktlint,ktlintBaselineReporter
com.pinterest.ktlint:ktlint-cli-reporter-checkstyle:1.3.1=ktlint
com.pinterest.ktlint:ktlint-cli-reporter-core:1.3.1=ktlint,ktlintBaselineReporter
com.pinterest.ktlint:ktlint-cli-reporter-format:1.3.1=ktlint
com.pinterest.ktlint:ktlint-cli-reporter-html:1.3.1=ktlint
com.pinterest.ktlint:ktlint-cli-reporter-json:1.3.1=ktlint
com.pinterest.ktlint:ktlint-cli-reporter-plain-summary:1.3.1=ktlint
com.pinterest.ktlint:ktlint-cli-reporter-plain:1.3.1=ktlint
com.pinterest.ktlint:ktlint-cli-reporter-sarif:1.3.1=ktlint
com.pinterest.ktlint:ktlint-cli-ruleset-core:1.3.1=ktlint,ktlintRuleset
com.pinterest.ktlint:ktlint-cli:1.3.1=ktlint
com.pinterest.ktlint:ktlint-logger:1.3.1=ktlint,ktlintBaselineReporter,ktlintRuleset
com.pinterest.ktlint:ktlint-rule-engine-core:1.3.1=ktlint,ktlintBaselineReporter,ktlintRuleset
com.pinterest.ktlint:ktlint-rule-engine:1.3.1=ktlint
com.pinterest.ktlint:ktlint-ruleset-standard:1.3.1=ktlint,ktlintRuleset
com.sun.mail:javax.mail:1.6.2=compileClasspath,e2eTestCompileClasspath,e2eTestRuntimeClasspath,runtimeClasspath,testCompileClasspath,testRuntimeClasspath
com.typesafe:config:1.4.8=compileClasspath,e2eTestCompileClasspath,e2eTestRuntimeClasspath,runtimeClasspath,testCompileClasspath,testRuntimeClasspath
com.upokecenter:cbor:4.5.6=e2eTestRuntimeClasspath,runtimeClasspath,testRuntimeClasspath
com.yubico:webauthn-server-core:2.6.0=compileClasspath,e2eTestCompileClasspath,e2eTestRuntimeClasspath,runtimeClasspath,testCompileClasspath,testRuntimeClasspath
com.yubico:webauthn-server-parent:2.6.0=compileClasspath,e2eTestCompileClasspath,e2eTestRuntimeClasspath,runtimeClasspath,testCompileClasspath,testRuntimeClasspath
com.yubico:yubico-util:2.6.0=e2eTestRuntimeClasspath,runtimeClasspath,testRuntimeClasspath
com.zaxxer:HikariCP:5.1.0=compileClasspath,e2eTestCompileClasspath,e2eTestRuntimeClasspath,runtimeClasspath,testCompileClasspath,testRuntimeClasspath
dev.drewhamilton.poko:poko-annotations-jvm:0.15.3=ktlint,ktlintBaselineReporter,ktlintRuleset
dev.drewhamilton.poko:poko-annotations-jvm:0.17.1=detekt
dev.drewhamilton.poko:poko-annotations:0.15.3=ktlint,ktlintBaselineReporter,ktlintRuleset
dev.drewhamilton.poko:poko-annotations:0.17.1=detekt
io.github.davidburstrom.contester:contester-breakpoint:0.2.0=detekt
io.github.detekt.sarif4k:sarif4k-jvm:0.6.0=detekt,ktlint,ktlintReporter
io.github.detekt.sarif4k:sarif4k:0.6.0=detekt,ktlint,ktlintReporter
io.github.java-diff-utils:java-diff-utils:4.12=kotlinInternalAbiValidation
io.github.oshai:kotlin-logging-jvm:6.0.9=ktlint,ktlintBaselineReporter,ktlintReporter,ktlintRuleset
io.github.oshai:kotlin-logging:5.1.0=ktlint,ktlintBaselineReporter,ktlintReporter
io.gitlab.arturbosch.detekt:detekt-api:1.23.8=detekt
io.gitlab.arturbosch.detekt:detekt-cli:1.23.8=detekt
io.gitlab.arturbosch.detekt:detekt-core:1.23.8=detekt
io.gitlab.arturbosch.detekt:detekt-metrics:1.23.8=detekt
io.gitlab.arturbosch.detekt:detekt-parser:1.23.8=detekt
io.gitlab.arturbosch.detekt:detekt-psi-utils:1.23.8=detekt
io.gitlab.arturbosch.detekt:detekt-report-html:1.23.8=detekt
io.gitlab.arturbosch.detekt:detekt-report-md:1.23.8=detekt
io.gitlab.arturbosch.detekt:detekt-report-sarif:1.23.8=detekt
io.gitlab.arturbosch.detekt:detekt-report-txt:1.23.8=detekt
io.gitlab.arturbosch.detekt:detekt-report-xml:1.23.8=detekt
io.gitlab.arturbosch.detekt:detekt-rules-complexity:1.23.8=detekt
io.gitlab.arturbosch.detekt:detekt-rules-coroutines:1.23.8=detekt
io.gitlab.arturbosch.detekt:detekt-rules-documentation:1.23.8=detekt
io.gitlab.arturbosch.detekt:detekt-rules-empty:1.23.8=detekt
io.gitlab.arturbosch.detekt:detekt-rules-errorprone:1.23.8=detekt
io.gitlab.arturbosch.detekt:detekt-rules-exceptions:1.23.8=detekt
io.gitlab.arturbosch.detekt:detekt-rules-naming:1.23.8=detekt
io.gitlab.arturbosch.detekt:detekt-rules-performance:1.23.8=detekt
io.gitlab.arturbosch.detekt:detekt-rules-style:1.23.8=detekt
io.gitlab.arturbosch.detekt:detekt-rules:1.23.8=detekt
io.gitlab.arturbosch.detekt:detekt-tooling:1.23.8=detekt
io.gitlab.arturbosch.detekt:detekt-utils:1.23.8=detekt
io.ktor:ktor-bom:3.5.0=compileClasspath,e2eTestCompileClasspath,e2eTestRuntimeClasspath,runtimeClasspath,testCompileClasspath,testRuntimeClasspath
io.ktor:ktor-call-id-jvm:3.5.0=compileClasspath,e2eTestCompileClasspath,e2eTestRuntimeClasspath,runtimeClasspath,testCompileClasspath,testRuntimeClasspath
io.ktor:ktor-call-id:3.5.0=compileClasspath,e2eTestCompileClasspath,e2eTestRuntimeClasspath,runtimeClasspath,testCompileClasspath,testRuntimeClasspath
io.ktor:ktor-client-apache5-jvm:3.5.0=e2eTestCompileClasspath,e2eTestRuntimeClasspath,testCompileClasspath,testRuntimeClasspath
io.ktor:ktor-client-apache5:3.5.0=e2eTestCompileClasspath,e2eTestRuntimeClasspath,testCompileClasspath,testRuntimeClasspath
io.ktor:ktor-client-cio-jvm:3.5.0=e2eTestCompileClasspath,e2eTestRuntimeClasspath,testCompileClasspath,testRuntimeClasspath
io.ktor:ktor-client-cio:3.5.0=e2eTestCompileClasspath,e2eTestRuntimeClasspath,testCompileClasspath,testRuntimeClasspath
io.ktor:ktor-client-core-jvm:3.5.0=compileClasspath,e2eTestCompileClasspath,e2eTestRuntimeClasspath,runtimeClasspath,testCompileClasspath,testRuntimeClasspath
io.ktor:ktor-client-core:3.5.0=compileClasspath,e2eTestCompileClasspath,e2eTestRuntimeClasspath,runtimeClasspath,testCompileClasspath,testRuntimeClasspath
io.ktor:ktor-events-jvm:3.5.0=compileClasspath,e2eTestCompileClasspath,e2eTestRuntimeClasspath,runtimeClasspath,testCompileClasspath,testRuntimeClasspath
io.ktor:ktor-events:3.5.0=compileClasspath,e2eTestCompileClasspath,e2eTestRuntimeClasspath,runtimeClasspath,testCompileClasspath,testRuntimeClasspath
io.ktor:ktor-http-cio-jvm:3.5.0=compileClasspath,e2eTestCompileClasspath,e2eTestRuntimeClasspath,runtimeClasspath,testCompileClasspath,testRuntimeClasspath
io.ktor:ktor-http-cio:3.5.0=compileClasspath,e2eTestCompileClasspath,e2eTestRuntimeClasspath,runtimeClasspath,testCompileClasspath,testRuntimeClasspath
io.ktor:ktor-http-jvm:3.5.0=compileClasspath,e2eTestCompileClasspath,e2eTestRuntimeClasspath,runtimeClasspath,testCompileClasspath,testRuntimeClasspath
io.ktor:ktor-http:3.5.0=compileClasspath,e2eTestCompileClasspath,e2eTestRuntimeClasspath,runtimeClasspath,testCompileClasspath,testRuntimeClasspath
io.ktor:ktor-io-jvm:3.5.0=compileClasspath,e2eTestCompileClasspath,e2eTestRuntimeClasspath,runtimeClasspath,testCompileClasspath,testRuntimeClasspath
io.ktor:ktor-io:3.5.0=compileClasspath,e2eTestCompileClasspath,e2eTestRuntimeClasspath,runtimeClasspath,testCompileClasspath,testRuntimeClasspath
io.ktor:ktor-network-jvm:3.5.0=compileClasspath,e2eTestCompileClasspath,e2eTestRuntimeClasspath,runtimeClasspath,testCompileClasspath,testRuntimeClasspath
io.ktor:ktor-network-tls-certificates-jvm:3.5.0=e2eTestCompileClasspath,e2eTestRuntimeClasspath,testCompileClasspath,testRuntimeClasspath
io.ktor:ktor-network-tls-certificates:3.5.0=e2eTestCompileClasspath,e2eTestRuntimeClasspath,testCompileClasspath,testRuntimeClasspath
io.ktor:ktor-network-tls-jvm:3.5.0=e2eTestCompileClasspath,e2eTestRuntimeClasspath,testCompileClasspath,testRuntimeClasspath
io.ktor:ktor-network-tls:3.5.0=e2eTestCompileClasspath,e2eTestRuntimeClasspath,testCompileClasspath,testRuntimeClasspath
io.ktor:ktor-network:3.5.0=compileClasspath,e2eTestCompileClasspath,e2eTestRuntimeClasspath,runtimeClasspath,testCompileClasspath,testRuntimeClasspath
io.ktor:ktor-serialization-jvm:3.5.0=compileClasspath,e2eTestCompileClasspath,e2eTestRuntimeClasspath,runtimeClasspath,testCompileClasspath,testRuntimeClasspath
io.ktor:ktor-serialization-kotlinx-json-jvm:3.5.0=compileClasspath,e2eTestCompileClasspath,e2eTestRuntimeClasspath,runtimeClasspath,testCompileClasspath,testRuntimeClasspath
io.ktor:ktor-serialization-kotlinx-json:3.5.0=compileClasspath,e2eTestCompileClasspath,e2eTestRuntimeClasspath,runtimeClasspath,testCompileClasspath,testRuntimeClasspath
io.ktor:ktor-serialization-kotlinx-jvm:3.5.0=compileClasspath,e2eTestCompileClasspath,e2eTestRuntimeClasspath,runtimeClasspath,testCompileClasspath,testRuntimeClasspath
io.ktor:ktor-serialization-kotlinx:3.5.0=compileClasspath,e2eTestCompileClasspath,e2eTestRuntimeClasspath,runtimeClasspath,testCompileClasspath,testRuntimeClasspath
io.ktor:ktor-serialization:3.5.0=compileClasspath,e2eTestCompileClasspath,e2eTestRuntimeClasspath,runtimeClasspath,testCompileClasspath,testRuntimeClasspath
io.ktor:ktor-server-auth-jvm:3.5.0=compileClasspath,e2eTestCompileClasspath,e2eTestRuntimeClasspath,runtimeClasspath,testCompileClasspath,testRuntimeClasspath
io.ktor:ktor-server-auth:3.5.0=compileClasspath,e2eTestCompileClasspath,e2eTestRuntimeClasspath,runtimeClasspath,testCompileClasspath,testRuntimeClasspath
io.ktor:ktor-server-caching-headers-jvm:3.5.0=compileClasspath,e2eTestCompileClasspath,e2eTestRuntimeClasspath,runtimeClasspath,testCompileClasspath,testRuntimeClasspath
io.ktor:ktor-server-caching-headers:3.5.0=compileClasspath,e2eTestCompileClasspath,e2eTestRuntimeClasspath,runtimeClasspath,testCompileClasspath,testRuntimeClasspath
io.ktor:ktor-server-call-id-jvm:3.5.0=compileClasspath,e2eTestCompileClasspath,e2eTestRuntimeClasspath,runtimeClasspath,testCompileClasspath,testRuntimeClasspath
io.ktor:ktor-server-call-id:3.5.0=compileClasspath,e2eTestCompileClasspath,e2eTestRuntimeClasspath,runtimeClasspath,testCompileClasspath,testRuntimeClasspath
io.ktor:ktor-server-call-logging-jvm:3.5.0=compileClasspath,e2eTestCompileClasspath,e2eTestRuntimeClasspath,runtimeClasspath,testCompileClasspath,testRuntimeClasspath
io.ktor:ktor-server-call-logging:3.5.0=compileClasspath,e2eTestCompileClasspath,e2eTestRuntimeClasspath,runtimeClasspath,testCompileClasspath,testRuntimeClasspath
io.ktor:ktor-server-compression-jvm:3.5.0=compileClasspath,e2eTestCompileClasspath,e2eTestRuntimeClasspath,runtimeClasspath,testCompileClasspath,testRuntimeClasspath
io.ktor:ktor-server-compression:3.5.0=compileClasspath,e2eTestCompileClasspath,e2eTestRuntimeClasspath,runtimeClasspath,testCompileClasspath,testRuntimeClasspath
io.ktor:ktor-server-content-negotiation-jvm:3.5.0=compileClasspath,e2eTestCompileClasspath,e2eTestRuntimeClasspath,runtimeClasspath,testCompileClasspath,testRuntimeClasspath
io.ktor:ktor-server-content-negotiation:3.5.0=compileClasspath,e2eTestCompileClasspath,e2eTestRuntimeClasspath,runtimeClasspath,testCompileClasspath,testRuntimeClasspath
io.ktor:ktor-server-core-jvm:3.5.0=compileClasspath,e2eTestCompileClasspath,e2eTestRuntimeClasspath,runtimeClasspath,testCompileClasspath,testRuntimeClasspath
io.ktor:ktor-server-core:3.5.0=compileClasspath,e2eTestCompileClasspath,e2eTestRuntimeClasspath,runtimeClasspath,testCompileClasspath,testRuntimeClasspath
io.ktor:ktor-server-default-headers-jvm:3.5.0=compileClasspath,e2eTestCompileClasspath,e2eTestRuntimeClasspath,runtimeClasspath,testCompileClasspath,testRuntimeClasspath
io.ktor:ktor-server-default-headers:3.5.0=compileClasspath,e2eTestCompileClasspath,e2eTestRuntimeClasspath,runtimeClasspath,testCompileClasspath,testRuntimeClasspath
io.ktor:ktor-server-forwarded-header-jvm:3.5.0=compileClasspath,e2eTestCompileClasspath,e2eTestRuntimeClasspath,runtimeClasspath,testCompileClasspath,testRuntimeClasspath
io.ktor:ktor-server-forwarded-header:3.5.0=compileClasspath,e2eTestCompileClasspath,e2eTestRuntimeClasspath,runtimeClasspath,testCompileClasspath,testRuntimeClasspath
io.ktor:ktor-server-html-builder-jvm:3.5.0=compileClasspath,e2eTestCompileClasspath,e2eTestRuntimeClasspath,runtimeClasspath,testCompileClasspath,testRuntimeClasspath
io.ktor:ktor-server-html-builder:3.5.0=compileClasspath,e2eTestCompileClasspath,e2eTestRuntimeClasspath,runtimeClasspath,testCompileClasspath,testRuntimeClasspath
io.ktor:ktor-server-netty-jvm:3.5.0=compileClasspath,e2eTestCompileClasspath,e2eTestRuntimeClasspath,runtimeClasspath,testCompileClasspath,testRuntimeClasspath
io.ktor:ktor-server-netty:3.5.0=compileClasspath,e2eTestCompileClasspath,e2eTestRuntimeClasspath,runtimeClasspath,testCompileClasspath,testRuntimeClasspath
io.ktor:ktor-server-sessions-jvm:3.5.0=compileClasspath,e2eTestCompileClasspath,e2eTestRuntimeClasspath,runtimeClasspath,testCompileClasspath,testRuntimeClasspath
io.ktor:ktor-server-sessions:3.5.0=compileClasspath,e2eTestCompileClasspath,e2eTestRuntimeClasspath,runtimeClasspath,testCompileClasspath,testRuntimeClasspath
io.ktor:ktor-server-status-pages-jvm:3.5.0=compileClasspath,e2eTestCompileClasspath,e2eTestRuntimeClasspath,runtimeClasspath,testCompileClasspath,testRuntimeClasspath
io.ktor:ktor-server-status-pages:3.5.0=compileClasspath,e2eTestCompileClasspath,e2eTestRuntimeClasspath,runtimeClasspath,testCompileClasspath,testRuntimeClasspath
io.ktor:ktor-server-test-host-jvm:3.5.0=e2eTestCompileClasspath,e2eTestRuntimeClasspath,testCompileClasspath,testRuntimeClasspath
io.ktor:ktor-server-test-host:3.5.0=e2eTestCompileClasspath,e2eTestRuntimeClasspath,testCompileClasspath,testRuntimeClasspath
io.ktor:ktor-server-websockets-jvm:3.5.0=e2eTestCompileClasspath,e2eTestRuntimeClasspath,testCompileClasspath,testRuntimeClasspath
io.ktor:ktor-server-websockets:3.5.0=e2eTestCompileClasspath,e2eTestRuntimeClasspath,testCompileClasspath,testRuntimeClasspath
io.ktor:ktor-sse-jvm:3.5.0=compileClasspath,e2eTestCompileClasspath,e2eTestRuntimeClasspath,runtimeClasspath,testCompileClasspath,testRuntimeClasspath
io.ktor:ktor-sse:3.5.0=compileClasspath,e2eTestCompileClasspath,e2eTestRuntimeClasspath,runtimeClasspath,testCompileClasspath,testRuntimeClasspath
io.ktor:ktor-test-dispatcher-jvm:3.5.0=e2eTestCompileClasspath,e2eTestRuntimeClasspath,testCompileClasspath,testRuntimeClasspath
io.ktor:ktor-test-dispatcher:3.5.0=e2eTestCompileClasspath,e2eTestRuntimeClasspath,testCompileClasspath,testRuntimeClasspath
io.ktor:ktor-utils-jvm:3.5.0=compileClasspath,e2eTestCompileClasspath,e2eTestRuntimeClasspath,runtimeClasspath,testCompileClasspath,testRuntimeClasspath
io.ktor:ktor-utils:3.5.0=compileClasspath,e2eTestCompileClasspath,e2eTestRuntimeClasspath,runtimeClasspath,testCompileClasspath,testRuntimeClasspath
io.ktor:ktor-websocket-serialization-jvm:3.5.0=compileClasspath,e2eTestCompileClasspath,e2eTestRuntimeClasspath,runtimeClasspath,testCompileClasspath,testRuntimeClasspath
io.ktor:ktor-websocket-serialization:3.5.0=compileClasspath,e2eTestCompileClasspath,e2eTestRuntimeClasspath,runtimeClasspath,testCompileClasspath,testRuntimeClasspath
io.ktor:ktor-websockets-jvm:3.5.0=compileClasspath,e2eTestCompileClasspath,e2eTestRuntimeClasspath,runtimeClasspath,testCompileClasspath,testRuntimeClasspath
io.ktor:ktor-websockets:3.5.0=compileClasspath,e2eTestCompileClasspath,e2eTestRuntimeClasspath,runtimeClasspath,testCompileClasspath,testRuntimeClasspath
io.lettuce:lettuce-core:6.5.5.RELEASE=compileClasspath,e2eTestCompileClasspath,e2eTestRuntimeClasspath,runtimeClasspath,testCompileClasspath,testRuntimeClasspath
io.mockk:mockk-agent-api-jvm:1.13.16=e2eTestCompileClasspath,e2eTestRuntimeClasspath,testCompileClasspath,testRuntimeClasspath
io.mockk:mockk-agent-api:1.13.16=e2eTestCompileClasspath,e2eTestRuntimeClasspath,testCompileClasspath,testRuntimeClasspath
io.mockk:mockk-agent-jvm:1.13.16=e2eTestCompileClasspath,e2eTestRuntimeClasspath,testCompileClasspath,testRuntimeClasspath
io.mockk:mockk-agent:1.13.16=e2eTestCompileClasspath,e2eTestRuntimeClasspath,testCompileClasspath,testRuntimeClasspath
io.mockk:mockk-core-jvm:1.13.16=e2eTestCompileClasspath,e2eTestRuntimeClasspath,testCompileClasspath,testRuntimeClasspath
io.mockk:mockk-core:1.13.16=e2eTestCompileClasspath,e2eTestRuntimeClasspath,testCompileClasspath,testRuntimeClasspath
io.mockk:mockk-dsl-jvm:1.13.16=e2eTestCompileClasspath,e2eTestRuntimeClasspath,testCompileClasspath,testRuntimeClasspath
io.mockk:mockk-dsl:1.13.16=e2eTestCompileClasspath,e2eTestRuntimeClasspath,testCompileClasspath,testRuntimeClasspath
io.mockk:mockk-jvm:1.13.16=e2eTestCompileClasspath,e2eTestRuntimeClasspath,testCompileClasspath,testRuntimeClasspath
io.mockk:mockk:1.13.16=e2eTestCompileClasspath,e2eTestRuntimeClasspath,testCompileClasspath,testRuntimeClasspath
io.netty:netty-buffer:4.2.13.Final=compileClasspath,e2eTestCompileClasspath,e2eTestRuntimeClasspath,runtimeClasspath,testCompileClasspath,testRuntimeClasspath
io.netty:netty-codec-base:4.2.13.Final=compileClasspath,e2eTestCompileClasspath,e2eTestRuntimeClasspath,runtimeClasspath,testCompileClasspath,testRuntimeClasspath
io.netty:netty-codec-compression:4.2.13.Final=compileClasspath,e2eTestCompileClasspath,e2eTestRuntimeClasspath,runtimeClasspath,testCompileClasspath,testRuntimeClasspath
io.netty:netty-codec-http2:4.2.13.Final=compileClasspath,e2eTestCompileClasspath,e2eTestRuntimeClasspath,runtimeClasspath,testCompileClasspath,testRuntimeClasspath
io.netty:netty-codec-http:4.2.13.Final=compileClasspath,e2eTestCompileClasspath,e2eTestRuntimeClasspath,runtimeClasspath,testCompileClasspath,testRuntimeClasspath
io.netty:netty-codec-marshalling:4.2.13.Final=compileClasspath,e2eTestCompileClasspath,e2eTestRuntimeClasspath,runtimeClasspath,testCompileClasspath,testRuntimeClasspath
io.netty:netty-codec-protobuf:4.2.13.Final=compileClasspath,e2eTestCompileClasspath,e2eTestRuntimeClasspath,runtimeClasspath,testCompileClasspath,testRuntimeClasspath
io.netty:netty-codec:4.2.13.Final=compileClasspath,e2eTestCompileClasspath,e2eTestRuntimeClasspath,runtimeClasspath,testCompileClasspath,testRuntimeClasspath
io.netty:netty-common:4.2.13.Final=compileClasspath,e2eTestCompileClasspath,e2eTestRuntimeClasspath,runtimeClasspath,testCompileClasspath,testRuntimeClasspath
io.netty:netty-handler:4.2.13.Final=compileClasspath,e2eTestCompileClasspath,e2eTestRuntimeClasspath,runtimeClasspath,testCompileClasspath,testRuntimeClasspath
io.netty:netty-resolver:4.2.13.Final=compileClasspath,e2eTestCompileClasspath,e2eTestRuntimeClasspath,runtimeClasspath,testCompileClasspath,testRuntimeClasspath
io.netty:netty-transport-classes-epoll:4.2.13.Final=compileClasspath,e2eTestCompileClasspath,e2eTestRuntimeClasspath,runtimeClasspath,testCompileClasspath,testRuntimeClasspath
io.netty:netty-transport-classes-kqueue:4.2.13.Final=compileClasspath,e2eTestCompileClasspath,e2eTestRuntimeClasspath,runtimeClasspath,testCompileClasspath,testRuntimeClasspath
io.netty:netty-transport-native-epoll:4.2.13.Final=compileClasspath,e2eTestCompileClasspath,e2eTestRuntimeClasspath,runtimeClasspath,testCompileClasspath,testRuntimeClasspath
io.netty:netty-transport-native-kqueue:4.2.13.Final=compileClasspath,e2eTestCompileClasspath,e2eTestRuntimeClasspath,runtimeClasspath,testCompileClasspath,testRuntimeClasspath
io.netty:netty-transport-native-unix-common:4.2.13.Final=compileClasspath,e2eTestCompileClasspath,e2eTestRuntimeClasspath,runtimeClasspath,testCompileClasspath,testRuntimeClasspath
io.netty:netty-transport:4.2.13.Final=compileClasspath,e2eTestCompileClasspath,e2eTestRuntimeClasspath,runtimeClasspath,testCompileClasspath,testRuntimeClasspath
io.projectreactor:reactor-core:3.6.6=compileClasspath,e2eTestCompileClasspath,e2eTestRuntimeClasspath,runtimeClasspath,testCompileClasspath,testRuntimeClasspath
javax.activation:activation:1.1=compileClasspath,e2eTestCompileClasspath,e2eTestRuntimeClasspath,runtimeClasspath,testCompileClasspath,testRuntimeClasspath
junit:junit:4.13.2=e2eTestCompileClasspath,e2eTestRuntimeClasspath,testCompileClasspath,testRuntimeClasspath
net.bytebuddy:byte-buddy-agent:1.14.17=e2eTestCompileClasspath,testCompileClasspath
net.bytebuddy:byte-buddy-agent:1.17.6=e2eTestRuntimeClasspath,testRuntimeClasspath
net.bytebuddy:byte-buddy:1.14.17=e2eTestCompileClasspath,testCompileClasspath
net.bytebuddy:byte-buddy:1.17.6=e2eTestRuntimeClasspath,testRuntimeClasspath
net.java.dev.jna:jna-platform:5.9.0=e2eTestRuntimeClasspath,testRuntimeClasspath
net.java.dev.jna:jna:5.13.0=e2eTestCompileClasspath,e2eTestRuntimeClasspath,testCompileClasspath,testRuntimeClasspath
net.logstash.logback:logstash-logback-encoder:8.1=compileClasspath,e2eTestCompileClasspath,e2eTestRuntimeClasspath,runtimeClasspath,testCompileClasspath,testRuntimeClasspath
org.apache.commons:commons-compress:1.24.0=e2eTestCompileClasspath,e2eTestRuntimeClasspath,testCompileClasspath,testRuntimeClasspath
org.apache.httpcomponents.client5:httpclient5:5.5.1=e2eTestCompileClasspath,e2eTestRuntimeClasspath,testCompileClasspath,testRuntimeClasspath
org.apache.httpcomponents.client5:httpclient5:5.6.2=runtimeClasspath
org.apache.httpcomponents.core5:httpcore5-h2:5.3.6=e2eTestCompileClasspath,e2eTestRuntimeClasspath,testCompileClasspath,testRuntimeClasspath
org.apache.httpcomponents.core5:httpcore5-h2:5.4.3=runtimeClasspath
org.apache.httpcomponents.core5:httpcore5:5.3.6=e2eTestCompileClasspath,e2eTestRuntimeClasspath,testCompileClasspath,testRuntimeClasspath
org.apache.httpcomponents.core5:httpcore5:5.4.3=runtimeClasspath
org.apiguardian:apiguardian-api:1.1.2=e2eTestCompileClasspath,testCompileClasspath
org.checkerframework:checker-qual:3.52.0=e2eTestRuntimeClasspath,runtimeClasspath,testRuntimeClasspath
org.ec4j.core:ec4j-core:0.3.0=ktlint,ktlintBaselineReporter,ktlintRuleset
org.eclipse.jetty.alpn:alpn-api:1.1.3.v20160715=compileClasspath,e2eTestCompileClasspath,e2eTestRuntimeClasspath,runtimeClasspath,testCompileClasspath,testRuntimeClasspath
org.flywaydb:flyway-core:12.11.0=compileClasspath,e2eTestCompileClasspath,e2eTestRuntimeClasspath,runtimeClasspath,testCompileClasspath,testRuntimeClasspath
org.flywaydb:flyway-database-postgresql:12.11.0=compileClasspath,e2eTestCompileClasspath,e2eTestRuntimeClasspath,runtimeClasspath,testCompileClasspath,testRuntimeClasspath
org.fusesource.jansi:jansi:2.4.3=e2eTestRuntimeClasspath,runtimeClasspath,testRuntimeClasspath
org.hamcrest:hamcrest-core:1.3=e2eTestCompileClasspath,e2eTestRuntimeClasspath,testCompileClasspath,testRuntimeClasspath
org.jcommander:jcommander:1.85=detekt
org.jetbrains.exposed:exposed-core:1.3.0=compileClasspath,e2eTestCompileClasspath,e2eTestRuntimeClasspath,runtimeClasspath,testCompileClasspath,testRuntimeClasspath
org.jetbrains.exposed:exposed-java-time:1.3.0=compileClasspath,e2eTestCompileClasspath,e2eTestRuntimeClasspath,runtimeClasspath,testCompileClasspath,testRuntimeClasspath
org.jetbrains.exposed:exposed-jdbc:1.3.0=compileClasspath,e2eTestCompileClasspath,e2eTestRuntimeClasspath,runtimeClasspath,testCompileClasspath,testRuntimeClasspath
org.jetbrains.intellij.deps:trove4j:1.0.20200330=detekt,ktlint,ktlintBaselineReporter,ktlintRuleset
org.jetbrains.kotlin:abi-tools-api:2.3.20=kotlinInternalAbiValidation
org.jetbrains.kotlin:abi-tools:2.3.20=kotlinInternalAbiValidation
org.jetbrains.kotlin:kotlin-build-tools-api:2.3.20=kotlinBuildToolsApiClasspath,kotlinCompilerClasspath
org.jetbrains.kotlin:kotlin-build-tools-compat:2.3.20=kotlinBuildToolsApiClasspath,kotlinCompilerClasspath
org.jetbrains.kotlin:kotlin-build-tools-cri-impl:2.3.20=kotlinBuildToolsApiClasspath,kotlinCompilerClasspath
org.jetbrains.kotlin:kotlin-build-tools-impl:2.3.20=kotlinBuildToolsApiClasspath,kotlinCompilerClasspath
org.jetbrains.kotlin:kotlin-compiler-embeddable:1.9.24=ktlint,ktlintBaselineReporter,ktlintRuleset
org.jetbrains.kotlin:kotlin-compiler-embeddable:2.0.21=detekt
org.jetbrains.kotlin:kotlin-compiler-embeddable:2.3.20=kotlinBuildToolsApiClasspath,kotlinCompilerClasspath,kotlinKlibCommonizerClasspath
org.jetbrains.kotlin:kotlin-compiler-runner:2.3.20=kotlinBuildToolsApiClasspath,kotlinCompilerClasspath
org.jetbrains.kotlin:kotlin-daemon-client:2.3.20=kotlinBuildToolsApiClasspath,kotlinCompilerClasspath
org.jetbrains.kotlin:kotlin-daemon-embeddable:1.9.24=ktlint,ktlintBaselineReporter,ktlintRuleset
org.jetbrains.kotlin:kotlin-daemon-embeddable:2.0.21=detekt
org.jetbrains.kotlin:kotlin-daemon-embeddable:2.3.20=kotlinBuildToolsApiClasspath,kotlinCompilerClasspath,kotlinKlibCommonizerClasspath
org.jetbrains.kotlin:kotlin-klib-abi-reader:2.3.20=kotlinInternalAbiValidation
org.jetbrains.kotlin:kotlin-klib-commonizer-embeddable:2.3.20=kotlinKlibCommonizerClasspath
org.jetbrains.kotlin:kotlin-metadata-jvm:2.3.20=kotlinInternalAbiValidation
org.jetbrains.kotlin:kotlin-reflect:1.6.10=kotlinBuildToolsApiClasspath,kotlinCompilerClasspath,kotlinKlibCommonizerClasspath,ktlint,ktlintBaselineReporter,ktlintRuleset
org.jetbrains.kotlin:kotlin-reflect:2.0.21=detekt
org.jetbrains.kotlin:kotlin-reflect:2.3.21=compileClasspath,e2eTestCompileClasspath,e2eTestRuntimeClasspath,runtimeClasspath,testCompileClasspath,testRuntimeClasspath
org.jetbrains.kotlin:kotlin-script-runtime:1.9.24=ktlint,ktlintBaselineReporter,ktlintRuleset
org.jetbrains.kotlin:kotlin-script-runtime:2.0.21=detekt
org.jetbrains.kotlin:kotlin-script-runtime:2.3.20=kotlinBuildToolsApiClasspath,kotlinCompilerClasspath,kotlinCompilerPluginClasspathE2eTest,kotlinCompilerPluginClasspathMain,kotlinCompilerPluginClasspathTest,kotlinKlibCommonizerClasspath
org.jetbrains.kotlin:kotlin-scripting-common:2.3.20=kotlinCompilerPluginClasspathE2eTest,kotlinCompilerPluginClasspathMain,kotlinCompilerPluginClasspathTest
org.jetbrains.kotlin:kotlin-scripting-compiler-embeddable:2.3.20=kotlinCompilerPluginClasspathE2eTest,kotlinCompilerPluginClasspathMain,kotlinCompilerPluginClasspathTest
org.jetbrains.kotlin:kotlin-scripting-compiler-impl-embeddable:2.3.20=kotlinCompilerPluginClasspathE2eTest,kotlinCompilerPluginClasspathMain,kotlinCompilerPluginClasspathTest
org.jetbrains.kotlin:kotlin-scripting-jvm:2.3.20=kotlinCompilerPluginClasspathE2eTest,kotlinCompilerPluginClasspathMain,kotlinCompilerPluginClasspathTest
org.jetbrains.kotlin:kotlin-serialization-compiler-plugin-embeddable:2.3.20=kotlinCompilerPluginClasspathE2eTest,kotlinCompilerPluginClasspathMain,kotlinCompilerPluginClasspathTest
org.jetbrains.kotlin:kotlin-stdlib-common:1.9.24=ktlintReporter
org.jetbrains.kotlin:kotlin-stdlib-common:2.0.21=detekt
org.jetbrains.kotlin:kotlin-stdlib-jdk7:1.8.0=detekt,ktlintReporter
org.jetbrains.kotlin:kotlin-stdlib-jdk8:1.8.0=detekt,ktlintReporter
org.jetbrains.kotlin:kotlin-stdlib:1.9.24=ktlint,ktlintBaselineReporter,ktlintReporter,ktlintRuleset
org.jetbrains.kotlin:kotlin-stdlib:2.0.21=detekt
org.jetbrains.kotlin:kotlin-stdlib:2.3.20=kotlinBuildToolsApiClasspath,kotlinCompilerClasspath,kotlinCompilerPluginClasspathE2eTest,kotlinCompilerPluginClasspathMain,kotlinCompilerPluginClasspathTest,kotlinInternalAbiValidation,kotlinKlibCommonizerClasspath
org.jetbrains.kotlin:kotlin-stdlib:2.3.21=compileClasspath,e2eTestCompileClasspath,e2eTestRuntimeClasspath,runtimeClasspath,testCompileClasspath,testRuntimeClasspath
org.jetbrains.kotlin:kotlin-test-junit5:2.3.20=e2eTestCompileClasspath,e2eTestRuntimeClasspath,testCompileClasspath,testRuntimeClasspath
org.jetbrains.kotlin:kotlin-test:2.3.20=e2eTestCompileClasspath,e2eTestRuntimeClasspath,testCompileClasspath,testRuntimeClasspath
org.jetbrains.kotlin:kotlin-tooling-core:2.3.20=kotlinBuildToolsApiClasspath,kotlinCompilerClasspath
org.jetbrains.kotlinx:kotlinx-coroutines-bom:1.11.0=compileClasspath,e2eTestCompileClasspath,e2eTestRuntimeClasspath,runtimeClasspath,testCompileClasspath,testRuntimeClasspath
org.jetbrains.kotlinx:kotlinx-coroutines-core-jvm:1.11.0=compileClasspath,e2eTestCompileClasspath,e2eTestRuntimeClasspath,runtimeClasspath,testCompileClasspath,testRuntimeClasspath
org.jetbrains.kotlinx:kotlinx-coroutines-core-jvm:1.6.4=detekt
org.jetbrains.kotlinx:kotlinx-coroutines-core-jvm:1.8.0=kotlinBuildToolsApiClasspath,kotlinCompilerClasspath,kotlinKlibCommonizerClasspath
org.jetbrains.kotlinx:kotlinx-coroutines-core:1.11.0=compileClasspath,e2eTestCompileClasspath,e2eTestRuntimeClasspath,runtimeClasspath,testCompileClasspath,testRuntimeClasspath
org.jetbrains.kotlinx:kotlinx-coroutines-debug:1.11.0=e2eTestRuntimeClasspath,testRuntimeClasspath
org.jetbrains.kotlinx:kotlinx-coroutines-slf4j:1.11.0=e2eTestRuntimeClasspath,runtimeClasspath,testRuntimeClasspath
org.jetbrains.kotlinx:kotlinx-coroutines-test-jvm:1.11.0=e2eTestCompileClasspath,e2eTestRuntimeClasspath,testCompileClasspath,testRuntimeClasspath
org.jetbrains.kotlinx:kotlinx-coroutines-test:1.11.0=e2eTestCompileClasspath,e2eTestRuntimeClasspath,testCompileClasspath,testRuntimeClasspath
org.jetbrains.kotlinx:kotlinx-datetime-jvm:0.7.1-0.6.x-compat=compileClasspath,e2eTestCompileClasspath,e2eTestRuntimeClasspath,runtimeClasspath,testCompileClasspath,testRuntimeClasspath
org.jetbrains.kotlinx:kotlinx-html-jvm:0.12.0=compileClasspath,e2eTestCompileClasspath,e2eTestRuntimeClasspath,runtimeClasspath,testCompileClasspath,testRuntimeClasspath
org.jetbrains.kotlinx:kotlinx-html-jvm:0.8.1=detekt
org.jetbrains.kotlinx:kotlinx-html:0.12.0=compileClasspath,e2eTestCompileClasspath,e2eTestRuntimeClasspath,runtimeClasspath,testCompileClasspath,testRuntimeClasspath
org.jetbrains.kotlinx:kotlinx-io-bytestring-jvm:0.9.0=compileClasspath,e2eTestCompileClasspath,e2eTestRuntimeClasspath,runtimeClasspath,testCompileClasspath,testRuntimeClasspath
org.jetbrains.kotlinx:kotlinx-io-bytestring:0.9.0=compileClasspath,e2eTestCompileClasspath,e2eTestRuntimeClasspath,runtimeClasspath,testCompileClasspath,testRuntimeClasspath
org.jetbrains.kotlinx:kotlinx-io-core-jvm:0.9.0=compileClasspath,e2eTestCompileClasspath,e2eTestRuntimeClasspath,runtimeClasspath,testCompileClasspath,testRuntimeClasspath
org.jetbrains.kotlinx:kotlinx-io-core:0.9.0=compileClasspath,e2eTestCompileClasspath,e2eTestRuntimeClasspath,runtimeClasspath,testCompileClasspath,testRuntimeClasspath
org.jetbrains.kotlinx:kotlinx-serialization-bom:1.11.0=compileClasspath,e2eTestCompileClasspath,e2eTestRuntimeClasspath,runtimeClasspath,testCompileClasspath,testRuntimeClasspath
org.jetbrains.kotlinx:kotlinx-serialization-core-jvm:1.11.0=compileClasspath,e2eTestCompileClasspath,e2eTestRuntimeClasspath,runtimeClasspath,testCompileClasspath,testRuntimeClasspath
org.jetbrains.kotlinx:kotlinx-serialization-core-jvm:1.4.1=detekt,ktlintReporter
org.jetbrains.kotlinx:kotlinx-serialization-core:1.11.0=compileClasspath,e2eTestCompileClasspath,e2eTestRuntimeClasspath,runtimeClasspath,testCompileClasspath,testRuntimeClasspath
org.jetbrains.kotlinx:kotlinx-serialization-core:1.4.1=detekt,ktlintReporter
org.jetbrains.kotlinx:kotlinx-serialization-json-io-jvm:1.11.0=compileClasspath,e2eTestCompileClasspath,e2eTestRuntimeClasspath,runtimeClasspath,testCompileClasspath,testRuntimeClasspath
org.jetbrains.kotlinx:kotlinx-serialization-json-io:1.11.0=compileClasspath,e2eTestCompileClasspath,e2eTestRuntimeClasspath,runtimeClasspath,testCompileClasspath,testRuntimeClasspath
org.jetbrains.kotlinx:kotlinx-serialization-json-jvm:1.11.0=compileClasspath,e2eTestCompileClasspath,e2eTestRuntimeClasspath,runtimeClasspath,testCompileClasspath,testRuntimeClasspath
org.jetbrains.kotlinx:kotlinx-serialization-json-jvm:1.4.1=detekt,ktlintReporter
org.jetbrains.kotlinx:kotlinx-serialization-json:1.11.0=compileClasspath,e2eTestCompileClasspath,e2eTestRuntimeClasspath,runtimeClasspath,testCompileClasspath,testRuntimeClasspath
org.jetbrains.kotlinx:kotlinx-serialization-json:1.4.1=detekt,ktlintReporter
org.jetbrains:annotations:13.0=detekt,kotlinBuildToolsApiClasspath,kotlinCompilerClasspath,kotlinCompilerPluginClasspathE2eTest,kotlinCompilerPluginClasspathMain,kotlinCompilerPluginClasspathTest,kotlinInternalAbiValidation,kotlinKlibCommonizerClasspath,ktlint,ktlintBaselineReporter,ktlintReporter,ktlintRuleset
org.jetbrains:annotations:23.0.0=compileClasspath,e2eTestCompileClasspath,e2eTestRuntimeClasspath,runtimeClasspath,testCompileClasspath,testRuntimeClasspath
org.junit.jupiter:junit-jupiter-api:5.10.1=e2eTestCompileClasspath,testCompileClasspath
org.junit.jupiter:junit-jupiter-api:6.1.0=e2eTestRuntimeClasspath,testRuntimeClasspath
org.junit.jupiter:junit-jupiter-engine:6.1.0=e2eTestRuntimeClasspath,testRuntimeClasspath
org.junit.jupiter:junit-jupiter-params:6.1.0=e2eTestRuntimeClasspath,testRuntimeClasspath
org.junit.jupiter:junit-jupiter:6.1.0=e2eTestRuntimeClasspath,testRuntimeClasspath
org.junit.platform:junit-platform-commons:1.10.1=e2eTestCompileClasspath,testCompileClasspath
org.junit.platform:junit-platform-commons:6.1.0=e2eTestRuntimeClasspath,testRuntimeClasspath
org.junit.platform:junit-platform-engine:6.1.0=e2eTestRuntimeClasspath,testRuntimeClasspath
org.junit.platform:junit-platform-launcher:6.1.0=e2eTestRuntimeClasspath,testRuntimeClasspath
org.junit:junit-bom:5.10.1=e2eTestCompileClasspath,testCompileClasspath
org.junit:junit-bom:6.1.0=e2eTestRuntimeClasspath,testRuntimeClasspath
org.objenesis:objenesis:3.3=e2eTestCompileClasspath,e2eTestRuntimeClasspath,testCompileClasspath,testRuntimeClasspath
org.opentest4j:opentest4j:1.3.0=e2eTestCompileClasspath,e2eTestRuntimeClasspath,testCompileClasspath,testRuntimeClasspath
org.postgresql:postgresql:42.7.10=compileClasspath,e2eTestCompileClasspath,e2eTestRuntimeClasspath,runtimeClasspath,testCompileClasspath,testRuntimeClasspath
org.reactivestreams:reactive-streams:1.0.4=compileClasspath,e2eTestCompileClasspath,e2eTestRuntimeClasspath,runtimeClasspath,testCompileClasspath,testRuntimeClasspath
org.rnorth.duct-tape:duct-tape:1.0.8=e2eTestCompileClasspath,e2eTestRuntimeClasspath,testCompileClasspath,testRuntimeClasspath
org.slf4j:slf4j-api:2.0.18=compileClasspath,e2eTestCompileClasspath,e2eTestRuntimeClasspath,runtimeClasspath,testCompileClasspath,testRuntimeClasspath
org.slf4j:slf4j-api:2.0.7=ktlint
org.snakeyaml:snakeyaml-engine:2.7=detekt
org.testcontainers:junit-jupiter:1.21.0=e2eTestCompileClasspath,e2eTestRuntimeClasspath,testCompileClasspath,testRuntimeClasspath
org.testcontainers:testcontainers:1.21.0=e2eTestCompileClasspath,e2eTestRuntimeClasspath,testCompileClasspath,testRuntimeClasspath
tools.jackson.core:jackson-core:3.1.4=compileClasspath,e2eTestCompileClasspath,e2eTestRuntimeClasspath,runtimeClasspath,testCompileClasspath,testRuntimeClasspath
tools.jackson.core:jackson-databind:3.1.4=compileClasspath,e2eTestCompileClasspath,e2eTestRuntimeClasspath,runtimeClasspath,testCompileClasspath,testRuntimeClasspath
tools.jackson:jackson-bom:3.1.4=compileClasspath,e2eTestCompileClasspath,e2eTestRuntimeClasspath,runtimeClasspath,testCompileClasspath,testRuntimeClasspath
empty=annotationProcessor,detektPlugins,e2eTestAnnotationProcessor,e2eTestImplementationDependenciesMetadata,e2eTestKotlinScriptDefExtensions,implementationDependenciesMetadata,kotlinCompilerPluginClasspath,kotlinNativeCompilerPluginClasspath,kotlinScriptDefExtensions,shadow,testAnnotationProcessor,testImplementationDependenciesMetadata,testKotlinScriptDefExtensions
